
Microsoft Visual Studio Solution File, Format Version 12.00
# Visual Studio 15
VisualStudioVersion = 15.0.27703.2047
MinimumVisualStudioVersion = 10.0.40219.1
Project("{8BC9CEB8-8B4A-11D0-8D11-00A0C91BC942}") = "GameCastlevania", "GameCastlevania\GameCastlevania.vcxproj", "{CF22E9AA-08F0-4A5D-8ECF-56FB4AD0173D}"
EndProject
Global
	GlobalSection(SolutionConfigurationPlatforms) = preSolution
		Debug|x64 = Debug|x64
		Debug|x86 = Debug|x86
		Release|x64 = Release|x64
		Release|x86 = Release|x86
	EndGlobalSection
	GlobalSection(ProjectConfigurationPlatforms) = postSolution
		{CF22E9AA-08F0-4A5D-8ECF-56FB4AD0173D}.Debug|x64.ActiveCfg = Debug|x64
		{CF22E9AA-08F0-4A5D-8ECF-56FB4AD0173D}.Debug|x64.Build.0 = Debug|x64
		{CF22E9AA-08F0-4A5D-8ECF-56FB4AD0173D}.Debug|x86.ActiveCfg = Debug|Win32
		{CF22E9AA-08F0-4A5D-8ECF-56FB4AD0173D}.Debug|x86.Build.0 = Debug|Win32
		{CF22E9AA-08F0-4A5D-8ECF-56FB4AD0173D}.Release|x64.ActiveCfg = Release|x64
		{CF22E9AA-08F0-4A5D-8ECF-56FB4AD0173D}.Release|x64.Build.0 = Release|x64
		{CF22E9AA-08F0-4A5D-8ECF-56FB4AD0173D}.Release|x86.ActiveCfg = Release|Win32
		{CF22E9AA-08F0-4A5D-8ECF-56FB4AD0173D}.Release|x86.Build.0 = Release|Win32
	EndGlobalSection
	GlobalSection(SolutionProperties) = preSolution
		HideSolutionNode = FALSE
	EndGlobalSection
	GlobalSection(ExtensibilityGlobals) = postSolution
		SolutionGuid = {45AF753F-9DFD-444E-90AB-7A83D81B250A}
	EndGlobalSection
EndGlobal
